// !$*UTF8*$!
{
	archiveVersion = 1;
	classes = {
	};
	objectVersion = 48;
	objects = {

/* Begin PBXBuildFile section */
		3FA885962073953000D8C0AE /* AppDelegate.swift in Sources */ = {isa = PBXBuildFile; fileRef = 3FA885952073953000D8C0AE /* AppDelegate.swift */; };
		3FA885982073953000D8C0AE /* ViewController.swift in Sources */ = {isa = PBXBuildFile; fileRef = 3FA885972073953000D8C0AE /* ViewController.swift */; };
		3FA8859B2073953000D8C0AE /* Main.storyboard in Resources */ = {isa = PBXBuildFile; fileRef = 3FA885992073953000D8C0AE /* Main.storyboard */; };
		3FA8859D2073953000D8C0AE /* Assets.xcassets in Resources */ = {isa = PBXBuildFile; fileRef = 3FA8859C2073953000D8C0AE /* Assets.xcassets */; };
		3FA885A02073953000D8C0AE /* LaunchScreen.storyboard in Resources */ = {isa = PBXBuildFile; fileRef = 3FA8859E2073953000D8C0AE /* LaunchScreen.storyboard */; };
		76C575D120ED83B7DF00E8CF /* Pods_wallet_iOS.framework in Frameworks */ = {isa = PBXBuildFile; fileRef = 8DB21271B5D51FAE9BF1BA61 /* Pods_wallet_iOS.framework */; };
/* End PBXBuildFile section */

/* Begin PBXFileReference section */
		1A69BDF442C9940C88FF6AD9 /* Pods-wallet-iOS.release.xcconfig */ = {isa = PBXFileReference; includeInIndex = 1; lastKnownFileType = text.xcconfig; name = "Pods-wallet-iOS.release.xcconfig"; path = "Pods/Target Support Files/Pods-wallet-iOS/Pods-wallet-iOS.release.xcconfig"; sourceTree = "<group>"; };
		3FA885922073953000D8C0AE /* wallet-iOS.app */ = {isa = PBXFileReference; explicitFileType = wrapper.application; includeInIndex = 0; path = "wallet-iOS.app"; sourceTree = BUILT_PRODUCTS_DIR; };
		3FA885952073953000D8C0AE /* AppDelegate.swift */ = {isa = PBXFileReference; lastKnownFileType = sourcecode.swift; path = AppDelegate.swift; sourceTree = "<group>"; };
		3FA885972073953000D8C0AE /* ViewController.swift */ = {isa = PBXFileReference; lastKnownFileType = sourcecode.swift; path = ViewController.swift; sourceTree = "<group>"; };
		3FA8859A2073953000D8C0AE /* Base */ = {isa = PBXFileReference; lastKnownFileType = file.storyboard; name = Base; path = Base.lproj/Main.storyboard; sourceTree = "<group>"; };
		3FA8859C2073953000D8C0AE /* Assets.xcassets */ = {isa = PBXFileReference; lastKnownFileType = folder.assetcatalog; path = Assets.xcassets; sourceTree = "<group>"; };
		3FA8859F2073953000D8C0AE /* Base */ = {isa = PBXFileReference; lastKnownFileType = file.storyboard; name = Base; path = Base.lproj/LaunchScreen.storyboard; sourceTree = "<group>"; };
		3FA885A12073953000D8C0AE /* Info.plist */ = {isa = PBXFileReference; lastKnownFileType = text.plist.xml; path = Info.plist; sourceTree = "<group>"; };
		8DB21271B5D51FAE9BF1BA61 /* Pods_wallet_iOS.framework */ = {isa = PBXFileReference; explicitFileType = wrapper.framework; includeInIndex = 0; path = Pods_wallet_iOS.framework; sourceTree = BUILT_PRODUCTS_DIR; };
		E19A84BB48B349313A6A4AAD /* Pods-wallet-iOS.debug.xcconfig */ = {isa = PBXFileReference; includeInIndex = 1; lastKnownFileType = text.xcconfig; name = "Pods-wallet-iOS.debug.xcconfig"; path = "Pods/Target Support Files/Pods-wallet-iOS/Pods-wallet-iOS.debug.xcconfig"; sourceTree = "<group>"; };
/* End PBXFileReference section */

/* Begin PBXFrameworksBuildPhase section */
		3FA8858F2073953000D8C0AE /* Frameworks */ = {
			isa = PBXFrameworksBuildPhase;
			buildActionMask = 2147483647;
			files = (
				76C575D120ED83B7DF00E8CF /* Pods_wallet_iOS.framework in Frameworks */,
			);
			runOnlyForDeploymentPostprocessing = 0;
		};
/* End PBXFrameworksBuildPhase section */

/* Begin PBXGroup section */
		0E3040CFDF5850F264B9A622 /* Pods */ = {
			isa = PBXGroup;
			children = (
				E19A84BB48B349313A6A4AAD /* Pods-wallet-iOS.debug.xcconfig */,
				1A69BDF442C9940C88FF6AD9 /* Pods-wallet-iOS.release.xcconfig */,
			);
			name = Pods;
			sourceTree = "<group>";
		};
		3FA885892073953000D8C0AE = {
			isa = PBXGroup;
			children = (
				3FA885942073953000D8C0AE /* wallet-iOS */,
				3FA885932073953000D8C0AE /* Products */,
				0E3040CFDF5850F264B9A622 /* Pods */,
				BEDE327AF12C565267B32698 /* Frameworks */,
			);
			sourceTree = "<group>";
		};
		3FA885932073953000D8C0AE /* Products */ = {
			isa = PBXGroup;
			children = (
				3FA885922073953000D8C0AE /* wallet-iOS.app */,
			);
			name = Products;
			sourceTree = "<group>";
		};
		3FA885942073953000D8C0AE /* wallet-iOS */ = {
			isa = PBXGroup;
			children = (
				3FA885952073953000D8C0AE /* AppDelegate.swift */,
				3FA885972073953000D8C0AE /* ViewController.swift */,
				3FA885992073953000D8C0AE /* Main.storyboard */,
				3FA8859C2073953000D8C0AE /* Assets.xcassets */,
				3FA8859E2073953000D8C0AE /* LaunchScreen.storyboard */,
				3FA885A12073953000D8C0AE /* Info.plist */,
			);
			path = "wallet-iOS";
			sourceTree = "<group>";
		};
		BEDE327AF12C565267B32698 /* Frameworks */ = {
			isa = PBXGroup;
			children = (
				8DB21271B5D51FAE9BF1BA61 /* Pods_wallet_iOS.framework */,
			);
			name = Frameworks;
			sourceTree = "<group>";
		};
/* End PBXGroup section */

/* Begin PBXNativeTarget section */
		3FA885912073953000D8C0AE /* wallet-iOS */ = {
			isa = PBXNativeTarget;
			buildConfigurationList = 3FA885A42073953000D8C0AE /* Build configuration list for PBXNativeTarget "wallet-iOS" */;
			buildPhases = (
				3F93849BFF02C2C83894FC73 /* [CP] Check Pods Manifest.lock */,
				3FA8858E2073953000D8C0AE /* Sources */,
				3FA8858F2073953000D8C0AE /* Frameworks */,
				3FA885902073953000D8C0AE /* Resources */,
				F72E8E4A7F532A218675F7D2 /* [CP] Embed Pods Frameworks */,
				E9A680D7A923202D8CCA92C2 /* [CP] Copy Pods Resources */,
			);
			buildRules = (
			);
			dependencies = (
			);
			name = "wallet-iOS";
			productName = "wallet-iOS";
			productReference = 3FA885922073953000D8C0AE /* wallet-iOS.app */;
			productType = "com.apple.product-type.application";
		};
/* End PBXNativeTarget section */

/* Begin PBXProject section */
		3FA8858A2073953000D8C0AE /* Project object */ = {
			isa = PBXProject;
			attributes = {
				LastSwiftUpdateCheck = 0920;
				LastUpgradeCheck = 0920;
				ORGANIZATIONNAME = "cn.itcast.-3-----";
				TargetAttributes = {
					3FA885912073953000D8C0AE = {
						CreatedOnToolsVersion = 9.2;
						ProvisioningStyle = Automatic;
					};
				};
			};
			buildConfigurationList = 3FA8858D2073953000D8C0AE /* Build configuration list for PBXProject "wallet-iOS" */;
			compatibilityVersion = "Xcode 8.0";
			developmentRegion = en;
			hasScannedForEncodings = 0;
			knownRegions = (
				en,
				Base,
			);
			mainGroup = 3FA885892073953000D8C0AE;
			productRefGroup = 3FA885932073953000D8C0AE /* Products */;
			projectDirPath = "";
			projectRoot = "";
			targets = (
				3FA885912073953000D8C0AE /* wallet-iOS */,
			);
		};
/* End PBXProject section */

/* Begin PBXResourcesBuildPhase section */
		3FA885902073953000D8C0AE /* Resources */ = {
			isa = PBXResourcesBuildPhase;
			buildActionMask = 2147483647;
			files = (
				3FA885A02073953000D8C0AE /* LaunchScreen.storyboard in Resources */,
				3FA8859D2073953000D8C0AE /* Assets.xcassets in Resources */,
				3FA8859B2073953000D8C0AE /* Main.storyboard in Resources */,
			);
			runOnlyForDeploymentPostprocessing = 0;
		};
/* End PBXResourcesBuildPhase section */

/* Begin PBXShellScriptBuildPhase section */
		3F93849BFF02C2C83894FC73 /* [CP] Check Pods Manifest.lock */ = {
			isa = PBXShellScriptBuildPhase;
			buildActionMask = 2147483647;
			files = (
			);
			inputPaths = (
				"${PODS_PODFILE_DIR_PATH}/Podfile.lock",
				"${PODS_ROOT}/Manifest.lock",
			);
			name = "[CP] Check Pods Manifest.lock";
			outputPaths = (
				"$(DERIVED_FILE_DIR)/Pods-wallet-iOS-checkManifestLockResult.txt",
			);
			runOnlyForDeploymentPostprocessing = 0;
			shellPath = /bin/sh;
			shellScript = "diff \"${PODS_PODFILE_DIR_PATH}/Podfile.lock\" \"${PODS_ROOT}/Manifest.lock\" > /dev/null\nif [ $? != 0 ] ; then\n    # print error to STDERR\n    echo \"error: The sandbox is not in sync with the Podfile.lock. Run 'pod install' or update your CocoaPods installation.\" >&2\n    exit 1\nfi\n# This output is used by Xcode 'outputs' to avoid re-running this script phase.\necho \"SUCCESS\" > \"${SCRIPT_OUTPUT_FILE_0}\"\n";
			showEnvVarsInLog = 0;
		};
		E9A680D7A923202D8CCA92C2 /* [CP] Copy Pods Resources */ = {
			isa = PBXShellScriptBuildPhase;
			buildActionMask = 2147483647;
			files = (
			);
			inputPaths = (
			);
			name = "[CP] Copy Pods Resources";
			outputPaths = (
			);
			runOnlyForDeploymentPostprocessing = 0;
			shellPath = /bin/sh;
			shellScript = "\"${SRCROOT}/Pods/Target Support Files/Pods-wallet-iOS/Pods-wallet-iOS-resources.sh\"\n";
			showEnvVarsInLog = 0;
		};
		F72E8E4A7F532A218675F7D2 /* [CP] Embed Pods Frameworks */ = {
			isa = PBXShellScriptBuildPhase;
			buildActionMask = 2147483647;
			files = (
			);
			inputPaths = (
				"${SRCROOT}/Pods/Target Support Files/Pods-wallet-iOS/Pods-wallet-iOS-frameworks.sh",
				"${BUILT_PRODUCTS_DIR}/SwiftyJSON/SwiftyJSON.framework",
			);
			name = "[CP] Embed Pods Frameworks";
			outputPaths = (
				"${TARGET_BUILD_DIR}/${FRAMEWORKS_FOLDER_PATH}/SwiftyJSON.framework",
			);
			runOnlyForDeploymentPostprocessing = 0;
			shellPath = /bin/sh;
			shellScript = "\"${SRCROOT}/Pods/Target Support Files/Pods-wallet-iOS/Pods-wallet-iOS-frameworks.sh\"\n";
			showEnvVarsInLog = 0;
		};
/* End PBXShellScriptBuildPhase section */

/* Begin PBXSourcesBuildPhase section */
		3FA8858E2073953000D8C0AE /* Sources */ = {
			isa = PBXSourcesBuildPhase;
			buildActionMask = 2147483647;
			files = (
				3FA885982073953000D8C0AE /* ViewController.swift in Sources */,
				3FA885962073953000D8C0AE /* AppDelegate.swift in Sources */,
			);
			runOnlyForDeploymentPostprocessing = 0;
		};
/* End PBXSourcesBuildPhase section */

/* Begin PBXVariantGroup section */
		3FA885992073953000D8C0AE /* Main.storyboard */ = {
			isa = PBXVariantGroup;
			children = (
				3FA8859A2073953000D8C0AE /* Base */,
			);
			name = Main.storyboard;
			sourceTree = "<group>";
		};
		3FA8859E2073953000D8C0AE /* LaunchScreen.storyboard */ = {
			isa = PBXVariantGroup;
			children = (
				3FA8859F2073953000D8C0AE /* Base */,
			);
			name = LaunchScreen.storyboard;
			sourceTree = "<group>";
		};
/* End PBXVariantGroup section */

/* Begin XCBuildConfiguration section */
		3FA885A22073953000D8C0AE /* Debug */ = {
			isa = XCBuildConfiguration;
			buildSettings = {
				ALWAYS_SEARCH_USER_PATHS = NO;
				CLANG_ANALYZER_NONNULL = YES;
				CLANG_ANALYZER_NUMBER_OBJECT_CONVERSION = YES_AGGRESSIVE;
				CLANG_CXX_LANGUAGE_STANDARD = "gnu++14";
				CLANG_CXX_LIBRARY = "libc++";
				CLANG_ENABLE_MODULES = YES;
				CLANG_ENABLE_OBJC_ARC = YES;
				CLANG_WARN_BLOCK_CAPTURE_AUTORELEASING = YES;
				CLANG_WARN_BOOL_CONVERSION = YES;
				CLANG_WARN_COMMA = YES;
				CLANG_WARN_CONSTANT_CONVERSION = YES;
				CLANG_WARN_DIRECT_OBJC_ISA_USAGE = YES_ERROR;
				CLANG_WARN_DOCUMENTATION_COMMENTS = YES;
				CLANG_WARN_EMPTY_BODY = YES;
				CLANG_WARN_ENUM_CONVERSION = YES;
				CLANG_WARN_INFINITE_RECURSION = YES;
				CLANG_WARN_INT_CONVERSION = YES;
				CLANG_WARN_NON_LITERAL_NULL_CONVERSION = YES;
				CLANG_WARN_OBJC_LITERAL_CONVERSION = YES;
				CLANG_WARN_OBJC_ROOT_CLASS = YES_ERROR;
				CLANG_WARN_RANGE_LOOP_ANALYSIS = YES;
				CLANG_WARN_STRICT_PROTOTYPES = YES;
				CLANG_WARN_SUSPICIOUS_MOVE = YES;
				CLANG_WARN_UNGUARDED_AVAILABILITY = YES_AGGRESSIVE;
				CLANG_WARN_UNREACHABLE_CODE = YES;
				CLANG_WARN__DUPLICATE_METHOD_MATCH = YES;
				CODE_SIGN_IDENTITY = "iPhone Developer";
				COPY_PHASE_STRIP = NO;
				DEBUG_INFORMATION_FORMAT = dwarf;
				ENABLE_STRICT_OBJC_MSGSEND = YES;
				ENABLE_TESTABILITY = YES;
				GCC_C_LANGUAGE_STANDARD = gnu11;
				GCC_DYNAMIC_NO_PIC = NO;
				GCC_NO_COMMON_BLOCKS = YES;
				GCC_OPTIMIZATION_LEVEL = 0;
				GCC_PREPROCESSOR_DEFINITIONS = (
					"DEBUG=1",
					"$(inherited)",
				);
				GCC_WARN_64_TO_32_BIT_CONVERSION = YES;
				GCC_WARN_ABOUT_RETURN_TYPE = YES_ERROR;
				GCC_WARN_UNDECLARED_SELECTOR = YES;
				GCC_WARN_UNINITIALIZED_AUTOS = YES_AGGRESSIVE;
				GCC_WARN_UNUSED_FUNCTION = YES;
				GCC_WARN_UNUSED_VARIABLE = YES;
				IPHONEOS_DEPLOYMENT_TARGET = 11.2;
				MTL_ENABLE_DEBUG_INFO = YES;
				ONLY_ACTIVE_ARCH = YES;
				SDKROOT = iphoneos;
				SWIFT_ACTIVE_COMPILATION_CONDITIONS = DEBUG;
				SWIFT_OPTIMIZATION_LEVEL = "-Onone";
			};
			name = Debug;
		};
		3FA885A32073953000D8C0AE /* Release */ = {
			isa = XCBuildConfiguration;
			buildSettings = {
				ALWAYS_SEARCH_USER_PATHS = NO;
				CLANG_ANALYZER_NONNULL = YES;
				CLANG_ANALYZER_NUMBER_OBJECT_CONVERSION = YES_AGGRESSIVE;
				CLANG_CXX_LANGUAGE_STANDARD = "gnu++14";
				CLANG_CXX_LIBRARY = "libc++";
				CLANG_ENABLE_MODULES = YES;
				CLANG_ENABLE_OBJC_ARC = YES;
				CLANG_WARN_BLOCK_CAPTURE_AUTORELEASING = YES;
				CLANG_WARN_BOOL_CONVERSION = YES;
				CLANG_WARN_COMMA = YES;
				CLANG_WARN_CONSTANT_CONVERSION = YES;
				CLANG_WARN_DIRECT_OBJC_ISA_USAGE = YES_ERROR;
				CLANG_WARN_DOCUMENTATION_COMMENTS = YES;
				CLANG_WARN_EMPTY_BODY = YES;
				CLANG_WARN_ENUM_CONVERSION = YES;
				CLANG_WARN_INFINITE_RECURSION = YES;
				CLANG_WARN_INT_CONVERSION = YES;
				CLANG_WARN_NON_LITERAL_NULL_CONVERSION = YES;
				CLANG_WARN_OBJC_LITERAL_CONVERSION = YES;
				CLANG_WARN_OBJC_ROOT_CLASS = YES_ERROR;
				CLANG_WARN_RANGE_LOOP_ANALYSIS = YES;
				CLANG_WARN_STRICT_PROTOTYPES = YES;
				CLANG_WARN_SUSPICIOUS_MOVE = YES;
				CLANG_WARN_UNGUARDED_AVAILABILITY = YES_AGGRESSIVE;
				CLANG_WARN_UNREACHABLE_CODE = YES;
				CLANG_WARN__DUPLICATE_METHOD_MATCH = YES;
				CODE_SIGN_IDENTITY = "iPhone Developer";
				COPY_PHASE_STRIP = NO;
				DEBUG_INFORMATION_FORMAT = "dwarf-with-dsym";
				ENABLE_NS_ASSERTIONS = NO;
				ENABLE_STRICT_OBJC_MSGSEND = YES;
				GCC_C_LANGUAGE_STANDARD = gnu11;
				GCC_NO_COMMON_BLOCKS = YES;
				GCC_WARN_64_TO_32_BIT_CONVERSION = YES;
				GCC_WARN_ABOUT_RETURN_TYPE = YES_ERROR;
				GCC_WARN_UNDECLARED_SELECTOR = YES;
				GCC_WARN_UNINITIALIZED_AUTOS = YES_AGGRESSIVE;
				GCC_WARN_UNUSED_FUNCTION = YES;
				GCC_WARN_UNUSED_VARIABLE = YES;
				IPHONEOS_DEPLOYMENT_TARGET = 11.2;
				MTL_ENABLE_DEBUG_INFO = NO;
				SDKROOT = iphoneos;
				SWIFT_OPTIMIZATION_LEVEL = "-Owholemodule";
				VALIDATE_PRODUCT = YES;
			};
			name = Release;
		};
		3FA885A52073953000D8C0AE /* Debug */ = {
			isa = XCBuildConfiguration;
			baseConfigurationReference = E19A84BB48B349313A6A4AAD /* Pods-wallet-iOS.debug.xcconfig */;
			buildSettings = {
				ASSETCATALOG_COMPILER_APPICON_NAME = AppIcon;
				CODE_SIGN_STYLE = Automatic;
				DEVELOPMENT_TEAM = 6N864BJ72Y;
				INFOPLIST_FILE = "wallet-iOS/Info.plist";
				LD_RUNPATH_SEARCH_PATHS = "$(inherited) @executable_path/Frameworks";
				PRODUCT_BUNDLE_IDENTIFIER = "feibee.wallet-iOS";
				PRODUCT_NAME = "$(TARGET_NAME)";
				SWIFT_VERSION = 4.0;
				TARGETED_DEVICE_FAMILY = "1,2";
			};
			name = Debug;
		};
		3FA885A62073953000D8C0AE /* Release */ = {
			isa = XCBuildConfiguration;
			baseConfigurationReference = 1A69BDF442C9940C88FF6AD9 /* Pods-wallet-iOS.release.xcconfig */;
			buildSettings = {
				ASSETCATALOG_COMPILER_APPICON_NAME = AppIcon;
				CODE_SIGN_STYLE = Automatic;
				DEVELOPMENT_TEAM = 6N864BJ72Y;
				INFOPLIST_FILE = "wallet-iOS/Info.plist";
				LD_RUNPATH_SEARCH_PATHS = "$(inherited) @executable_path/Frameworks";
				PRODUCT_BUNDLE_IDENTIFIER = "feibee.wallet-iOS";
				PRODUCT_NAME = "$(TARGET_NAME)";
				SWIFT_VERSION = 4.0;
				TARGETED_DEVICE_FAMILY = "1,2";
			};
			name = Release;
		};
/* End XCBuildConfiguration section */

/* Begin XCConfigurationList section */
		3FA8858D2073953000D8C0AE /* Build configuration list for PBXProject "wallet-iOS" */ = {
			isa = XCConfigurationList;
			buildConfigurations = (
				3FA885A22073953000D8C0AE /* Debug */,
				3FA885A32073953000D8C0AE /* Release */,
			);
			defaultConfigurationIsVisible = 0;
			defaultConfigurationName = Release;
		};
		3FA885A42073953000D8C0AE /* Build configuration list for PBXNativeTarget "wallet-iOS" */ = {
			isa = XCConfigurationList;
			buildConfigurations = (
				3FA885A52073953000D8C0AE /* Debug */,
				3FA885A62073953000D8C0AE /* Release */,
			);
			defaultConfigurationIsVisible = 0;
			defaultConfigurationName = Release;
		};
/* End XCConfigurationList section */
	};
	rootObject = 3FA8858A2073953000D8C0AE /* Project object */;
}
